
Microsoft Visual Studio Solution File, Format Version 12.00
# Visual Studio Version 17
VisualStudioVersion = 17.5.33424.131
MinimumVisualStudioVersion = 10.0.40219.1
Project("{FAE04EC0-301F-11D3-BF4B-00C04F79EFBC}") = "User.Android", "User\User.Android\User.Android.csproj", "{3EF704E3-C5DB-4CB8-8101-3E46FC28E3CA}"
EndProject
Project("{FAE04EC0-301F-11D3-BF4B-00C04F79EFBC}") = "User.iOS", "User\User.iOS\User.iOS.csproj", "{02AE2375-2C50-4AF7-A3A9-07159AE52C19}"
EndProject
Project("{FAE04EC0-301F-11D3-BF4B-00C04F79EFBC}") = "User", "User\User\User.csproj", "{3472FA60-72D4-4816-804F-295D867E92D9}"
EndProject
Global
	GlobalSection(SolutionConfigurationPlatforms) = preSolution
		Debug|Any CPU = Debug|Any CPU
		Debug|iPhone = Debug|iPhone
		Debug|iPhoneSimulator = Debug|iPhoneSimulator
		Release|Any CPU = Release|Any CPU
		Release|iPhone = Release|iPhone
		Release|iPhoneSimulator = Release|iPhoneSimulator
	EndGlobalSection
	GlobalSection(ProjectConfigurationPlatforms) = postSolution
		{3EF704E3-C5DB-4CB8-8101-3E46FC28E3CA}.Debug|Any CPU.ActiveCfg = Debug|Any CPU
		{3EF704E3-C5DB-4CB8-8101-3E46FC28E3CA}.Debug|Any CPU.Build.0 = Debug|Any CPU
		{3EF704E3-C5DB-4CB8-8101-3E46FC28E3CA}.Debug|Any CPU.Deploy.0 = Debug|Any CPU
		{3EF704E3-C5DB-4CB8-8101-3E46FC28E3CA}.Debug|iPhone.ActiveCfg = Debug|Any CPU
		{3EF704E3-C5DB-4CB8-8101-3E46FC28E3CA}.Debug|iPhone.Build.0 = Debug|Any CPU
		{3EF704E3-C5DB-4CB8-8101-3E46FC28E3CA}.Debug|iPhone.Deploy.0 = Debug|Any CPU
		{3EF704E3-C5DB-4CB8-8101-3E46FC28E3CA}.Debug|iPhoneSimulator.ActiveCfg = Debug|Any CPU
		{3EF704E3-C5DB-4CB8-8101-3E46FC28E3CA}.Debug|iPhoneSimulator.Build.0 = Debug|Any CPU
		{3EF704E3-C5DB-4CB8-8101-3E46FC28E3CA}.Debug|iPhoneSimulator.Deploy.0 = Debug|Any CPU
		{3EF704E3-C5DB-4CB8-8101-3E46FC28E3CA}.Release|Any CPU.ActiveCfg = Release|Any CPU
		{3EF704E3-C5DB-4CB8-8101-3E46FC28E3CA}.Release|Any CPU.Build.0 = Release|Any CPU
		{3EF704E3-C5DB-4CB8-8101-3E46FC28E3CA}.Release|Any CPU.Deploy.0 = Release|Any CPU
		{3EF704E3-C5DB-4CB8-8101-3E46FC28E3CA}.Release|iPhone.ActiveCfg = Release|Any CPU
		{3EF704E3-C5DB-4CB8-8101-3E46FC28E3CA}.Release|iPhone.Build.0 = Release|Any CPU
		{3EF704E3-C5DB-4CB8-8101-3E46FC28E3CA}.Release|iPhone.Deploy.0 = Release|Any CPU
		{3EF704E3-C5DB-4CB8-8101-3E46FC28E3CA}.Release|iPhoneSimulator.ActiveCfg = Release|Any CPU
		{3EF704E3-C5DB-4CB8-8101-3E46FC28E3CA}.Release|iPhoneSimulator.Build.0 = Release|Any CPU
		{3EF704E3-C5DB-4CB8-8101-3E46FC28E3CA}.Release|iPhoneSimulator.Deploy.0 = Release|Any CPU
		{02AE2375-2C50-4AF7-A3A9-07159AE52C19}.Debug|Any CPU.ActiveCfg = Debug|iPhone
		{02AE2375-2C50-4AF7-A3A9-07159AE52C19}.Debug|Any CPU.Build.0 = Debug|iPhone
		{02AE2375-2C50-4AF7-A3A9-07159AE52C19}.Debug|Any CPU.Deploy.0 = Debug|iPhone
		{02AE2375-2C50-4AF7-A3A9-07159AE52C19}.Debug|iPhone.ActiveCfg = Debug|iPhone
		{02AE2375-2C50-4AF7-A3A9-07159AE52C19}.Debug|iPhone.Build.0 = Debug|iPhone
		{02AE2375-2C50-4AF7-A3A9-07159AE52C19}.Debug|iPhone.Deploy.0 = Debug|iPhone
		{02AE2375-2C50-4AF7-A3A9-07159AE52C19}.Debug|iPhoneSimulator.ActiveCfg = Debug|iPhoneSimulator
		{02AE2375-2C50-4AF7-A3A9-07159AE52C19}.Debug|iPhoneSimulator.Build.0 = Debug|iPhoneSimulator
		{02AE2375-2C50-4AF7-A3A9-07159AE52C19}.Debug|iPhoneSimulator.Deploy.0 = Debug|iPhoneSimulator
		{02AE2375-2C50-4AF7-A3A9-07159AE52C19}.Release|Any CPU.ActiveCfg = Release|iPhoneSimulator
		{02AE2375-2C50-4AF7-A3A9-07159AE52C19}.Release|Any CPU.Build.0 = Release|iPhoneSimulator
		{02AE2375-2C50-4AF7-A3A9-07159AE52C19}.Release|Any CPU.Deploy.0 = Release|iPhoneSimulator
		{02AE2375-2C50-4AF7-A3A9-07159AE52C19}.Release|iPhone.ActiveCfg = Release|iPhone
		{02AE2375-2C50-4AF7-A3A9-07159AE52C19}.Release|iPhone.Build.0 = Release|iPhone
		{02AE2375-2C50-4AF7-A3A9-07159AE52C19}.Release|iPhone.Deploy.0 = Release|iPhone
		{02AE2375-2C50-4AF7-A3A9-07159AE52C19}.Release|iPhoneSimulator.ActiveCfg = Release|iPhoneSimulator
		{02AE2375-2C50-4AF7-A3A9-07159AE52C19}.Release|iPhoneSimulator.Build.0 = Release|iPhoneSimulator
		{02AE2375-2C50-4AF7-A3A9-07159AE52C19}.Release|iPhoneSimulator.Deploy.0 = Release|iPhoneSimulator
		{3472FA60-72D4-4816-804F-295D867E92D9}.Debug|Any CPU.ActiveCfg = Debug|Any CPU
		{3472FA60-72D4-4816-804F-295D867E92D9}.Debug|Any CPU.Build.0 = Debug|Any CPU
		{3472FA60-72D4-4816-804F-295D867E92D9}.Debug|Any CPU.Deploy.0 = Debug|Any CPU
		{3472FA60-72D4-4816-804F-295D867E92D9}.Debug|iPhone.ActiveCfg = Debug|Any CPU
		{3472FA60-72D4-4816-804F-295D867E92D9}.Debug|iPhone.Build.0 = Debug|Any CPU
		{3472FA60-72D4-4816-804F-295D867E92D9}.Debug|iPhone.Deploy.0 = Debug|Any CPU
		{3472FA60-72D4-4816-804F-295D867E92D9}.Debug|iPhoneSimulator.ActiveCfg = Debug|Any CPU
		{3472FA60-72D4-4816-804F-295D867E92D9}.Debug|iPhoneSimulator.Build.0 = Debug|Any CPU
		{3472FA60-72D4-4816-804F-295D867E92D9}.Debug|iPhoneSimulator.Deploy.0 = Debug|Any CPU
		{3472FA60-72D4-4816-804F-295D867E92D9}.Release|Any CPU.ActiveCfg = Release|Any CPU
		{3472FA60-72D4-4816-804F-295D867E92D9}.Release|Any CPU.Build.0 = Release|Any CPU
		{3472FA60-72D4-4816-804F-295D867E92D9}.Release|Any CPU.Deploy.0 = Release|Any CPU
		{3472FA60-72D4-4816-804F-295D867E92D9}.Release|iPhone.ActiveCfg = Release|Any CPU
		{3472FA60-72D4-4816-804F-295D867E92D9}.Release|iPhone.Build.0 = Release|Any CPU
		{3472FA60-72D4-4816-804F-295D867E92D9}.Release|iPhone.Deploy.0 = Release|Any CPU
		{3472FA60-72D4-4816-804F-295D867E92D9}.Release|iPhoneSimulator.ActiveCfg = Release|Any CPU
		{3472FA60-72D4-4816-804F-295D867E92D9}.Release|iPhoneSimulator.Build.0 = Release|Any CPU
		{3472FA60-72D4-4816-804F-295D867E92D9}.Release|iPhoneSimulator.Deploy.0 = Release|Any CPU
	EndGlobalSection
	GlobalSection(SolutionProperties) = preSolution
		HideSolutionNode = FALSE
	EndGlobalSection
	GlobalSection(ExtensibilityGlobals) = postSolution
		SolutionGuid = {3CD0FAD7-4C26-4D04-904E-D13B8A50EE1F}
	EndGlobalSection
EndGlobal
